
Microsoft Visual Studio Solution File, Format Version 12.00
# Visual Studio Version 16
VisualStudioVersion = 16.0.32602.291
MinimumVisualStudioVersion = 10.0.40219.1
Project("{FAE04EC0-301F-11D3-BF4B-00C04F79EFBC}") = "OOP2Project", "OOP2Project.csproj", "{C6232925-7AD1-4AED-B5F1-42E1C81393F3}"
EndProject
Global
	GlobalSection(SolutionConfigurationPlatforms) = preSolution
		Debug|Any CPU = Debug|Any CPU
		Release|Any CPU = Release|Any CPU
	EndGlobalSection
	GlobalSection(ProjectConfigurationPlatforms) = postSolution
		{C6232925-7AD1-4AED-B5F1-42E1C81393F3}.Debug|Any CPU.ActiveCfg = Debug|Any CPU
		{C6232925-7AD1-4AED-B5F1-42E1C81393F3}.Debug|Any CPU.Build.0 = Debug|Any CPU
		{C6232925-7AD1-4AED-B5F1-42E1C81393F3}.Release|Any CPU.ActiveCfg = Release|Any CPU
		{C6232925-7AD1-4AED-B5F1-42E1C81393F3}.Release|Any CPU.Build.0 = Release|Any CPU
	EndGlobalSection
	GlobalSection(SolutionProperties) = preSolution
		HideSolutionNode = FALSE
	EndGlobalSection
	GlobalSection(ExtensibilityGlobals) = postSolution
		SolutionGuid = {A355495A-1AFA-4F61-926E-FD2051F7D1DC}
	EndGlobalSection
EndGlobal
